// !$*UTF8*$!
{
	archiveVersion = 1;
	classes = {
	};
	objectVersion = 55;
	objects = {

/* Begin PBXBuildFile section */
		334B607B279D8148004740C1 /* BountyInfo.swift in Sources */ = {isa = PBXBuildFile; fileRef = 334B607A279D8148004740C1 /* BountyInfo.swift */; };
		335EDFEB2795B01900E3F6FF /* AppDelegate.swift in Sources */ = {isa = PBXBuildFile; fileRef = 335EDFEA2795B01900E3F6FF /* AppDelegate.swift */; };
		335EDFED2795B01900E3F6FF /* SceneDelegate.swift in Sources */ = {isa = PBXBuildFile; fileRef = 335EDFEC2795B01900E3F6FF /* SceneDelegate.swift */; };
		335EDFF22795B01900E3F6FF /* Main.storyboard in Resources */ = {isa = PBXBuildFile; fileRef = 335EDFF02795B01900E3F6FF /* Main.storyboard */; };
		335EDFF42795B01A00E3F6FF /* Assets.xcassets in Resources */ = {isa = PBXBuildFile; fileRef = 335EDFF32795B01A00E3F6FF /* Assets.xcassets */; };
		335EDFF72795B01A00E3F6FF /* LaunchScreen.storyboard in Resources */ = {isa = PBXBuildFile; fileRef = 335EDFF52795B01A00E3F6FF /* LaunchScreen.storyboard */; };
		335EDFFF2795B03100E3F6FF /* BountyViewController.swift in Sources */ = {isa = PBXBuildFile; fileRef = 335EDFFE2795B03100E3F6FF /* BountyViewController.swift */; };
		33AAC3F92796D1B90038AE96 /* DetailViewController.swift in Sources */ = {isa = PBXBuildFile; fileRef = 33AAC3F82796D1B90038AE96 /* DetailViewController.swift */; };
/* End PBXBuildFile section */

/* Begin PBXFileReference section */
		334B607A279D8148004740C1 /* BountyInfo.swift */ = {isa = PBXFileReference; lastKnownFileType = sourcecode.swift; path = BountyInfo.swift; sourceTree = "<group>"; };
		335EDFE72795B01900E3F6FF /* BountyList.app */ = {isa = PBXFileReference; explicitFileType = wrapper.application; includeInIndex = 0; path = BountyList.app; sourceTree = BUILT_PRODUCTS_DIR; };
		335EDFEA2795B01900E3F6FF /* AppDelegate.swift */ = {isa = PBXFileReference; lastKnownFileType = sourcecode.swift; path = AppDelegate.swift; sourceTree = "<group>"; };
		335EDFEC2795B01900E3F6FF /* SceneDelegate.swift */ = {isa = PBXFileReference; lastKnownFileType = sourcecode.swift; path = SceneDelegate.swift; sourceTree = "<group>"; };
		335EDFF12795B01900E3F6FF /* Base */ = {isa = PBXFileReference; lastKnownFileType = file.storyboard; name = Base; path = Base.lproj/Main.storyboard; sourceTree = "<group>"; };
		335EDFF32795B01A00E3F6FF /* Assets.xcassets */ = {isa = PBXFileReference; lastKnownFileType = folder.assetcatalog; path = Assets.xcassets; sourceTree = "<group>"; };
		335EDFF62795B01A00E3F6FF /* Base */ = {isa = PBXFileReference; lastKnownFileType = file.storyboard; name = Base; path = Base.lproj/LaunchScreen.storyboard; sourceTree = "<group>"; };
		335EDFF82795B01A00E3F6FF /* Info.plist */ = {isa = PBXFileReference; lastKnownFileType = text.plist.xml; path = Info.plist; sourceTree = "<group>"; };
		335EDFFE2795B03100E3F6FF /* BountyViewController.swift */ = {isa = PBXFileReference; lastKnownFileType = sourcecode.swift; path = BountyViewController.swift; sourceTree = "<group>"; };
		33AAC3F82796D1B90038AE96 /* DetailViewController.swift */ = {isa = PBXFileReference; lastKnownFileType = sourcecode.swift; path = DetailViewController.swift; sourceTree = "<group>"; };
/* End PBXFileReference section */

/* Begin PBXFrameworksBuildPhase section */
		335EDFE42795B01900E3F6FF /* Frameworks */ = {
			isa = PBXFrameworksBuildPhase;
			buildActionMask = 2147483647;
			files = (
			);
			runOnlyForDeploymentPostprocessing = 0;
		};
/* End PBXFrameworksBuildPhase section */

/* Begin PBXGroup section */
		335EDFDE2795B01900E3F6FF = {
			isa = PBXGroup;
			children = (
				335EDFE92795B01900E3F6FF /* BountyList */,
				335EDFE82795B01900E3F6FF /* Products */,
			);
			sourceTree = "<group>";
		};
		335EDFE82795B01900E3F6FF /* Products */ = {
			isa = PBXGroup;
			children = (
				335EDFE72795B01900E3F6FF /* BountyList.app */,
			);
			name = Products;
			sourceTree = "<group>";
		};
		335EDFE92795B01900E3F6FF /* BountyList */ = {
			isa = PBXGroup;
			children = (
				335EDFEA2795B01900E3F6FF /* AppDelegate.swift */,
				335EDFEC2795B01900E3F6FF /* SceneDelegate.swift */,
				335EDFFE2795B03100E3F6FF /* BountyViewController.swift */,
				334B607A279D8148004740C1 /* BountyInfo.swift */,
				33AAC3F82796D1B90038AE96 /* DetailViewController.swift */,
				335EDFF02795B01900E3F6FF /* Main.storyboard */,
				335EDFF32795B01A00E3F6FF /* Assets.xcassets */,
				335EDFF52795B01A00E3F6FF /* LaunchScreen.storyboard */,
				335EDFF82795B01A00E3F6FF /* Info.plist */,
			);
			path = BountyList;
			sourceTree = "<group>";
		};
/* End PBXGroup section */

/* Begin PBXNativeTarget section */
		335EDFE62795B01900E3F6FF /* BountyList */ = {
			isa = PBXNativeTarget;
			buildConfigurationList = 335EDFFB2795B01A00E3F6FF /* Build configuration list for PBXNativeTarget "BountyList" */;
			buildPhases = (
				335EDFE32795B01900E3F6FF /* Sources */,
				335EDFE42795B01900E3F6FF /* Frameworks */,
				335EDFE52795B01900E3F6FF /* Resources */,
			);
			buildRules = (
			);
			dependencies = (
			);
			name = BountyList;
			productName = BountyList;
			productReference = 335EDFE72795B01900E3F6FF /* BountyList.app */;
			productType = "com.apple.product-type.application";
		};
/* End PBXNativeTarget section */

/* Begin PBXProject section */
		335EDFDF2795B01900E3F6FF /* Project object */ = {
			isa = PBXProject;
			attributes = {
				BuildIndependentTargetsInParallel = 1;
				LastSwiftUpdateCheck = 1320;
				LastUpgradeCheck = 1320;
				TargetAttributes = {
					335EDFE62795B01900E3F6FF = {
						CreatedOnToolsVersion = 13.2.1;
					};
				};
			};
			buildConfigurationList = 335EDFE22795B01900E3F6FF /* Build configuration list for PBXProject "BountyList" */;
			compatibilityVersion = "Xcode 13.0";
			developmentRegion = en;
			hasScannedForEncodings = 0;
			knownRegions = (
				en,
				Base,
			);
			mainGroup = 335EDFDE2795B01900E3F6FF;
			productRefGroup = 335EDFE82795B01900E3F6FF /* Products */;
			projectDirPath = "";
			projectRoot = "";
			targets = (
				335EDFE62795B01900E3F6FF /* BountyList */,
			);
		};
/* End PBXProject section */

/* Begin PBXResourcesBuildPhase section */
		335EDFE52795B01900E3F6FF /* Resources */ = {
			isa = PBXResourcesBuildPhase;
			buildActionMask = 2147483647;
			files = (
				335EDFF72795B01A00E3F6FF /* LaunchScreen.storyboard in Resources */,
				335EDFF42795B01A00E3F6FF /* Assets.xcassets in Resources */,
				335EDFF22795B01900E3F6FF /* Main.storyboard in Resources */,
			);
			runOnlyForDeploymentPostprocessing = 0;
		};
/* End PBXResourcesBuildPhase section */

/* Begin PBXSourcesBuildPhase section */
		335EDFE32795B01900E3F6FF /* Sources */ = {
			isa = PBXSourcesBuildPhase;
			buildActionMask = 2147483647;
			files = (
				334B607B279D8148004740C1 /* BountyInfo.swift in Sources */,
				335EDFEB2795B01900E3F6FF /* AppDelegate.swift in Sources */,
				335EDFFF2795B03100E3F6FF /* BountyViewController.swift in Sources */,
				335EDFED2795B01900E3F6FF /* SceneDelegate.swift in Sources */,
				33AAC3F92796D1B90038AE96 /* DetailViewController.swift in Sources */,
			);
			runOnlyForDeploymentPostprocessing = 0;
		};
/* End PBXSourcesBuildPhase section */

/* Begin PBXVariantGroup section */
		335EDFF02795B01900E3F6FF /* Main.storyboard */ = {
			isa = PBXVariantGroup;
			children = (
				335EDFF12795B01900E3F6FF /* Base */,
			);
			name = Main.storyboard;
			sourceTree = "<group>";
		};
		335EDFF52795B01A00E3F6FF /* LaunchScreen.storyboard */ = {
			isa = PBXVariantGroup;
			children = (
				335EDFF62795B01A00E3F6FF /* Base */,
			);
			name = LaunchScreen.storyboard;
			sourceTree = "<group>";
		};
/* End PBXVariantGroup section */

/* Begin XCBuildConfiguration section */
		335EDFF92795B01A00E3F6FF /* Debug */ = {
			isa = XCBuildConfiguration;
			buildSettings = {
				ALWAYS_SEARCH_USER_PATHS = NO;
				CLANG_ANALYZER_NONNULL = YES;
				CLANG_ANALYZER_NUMBER_OBJECT_CONVERSION = YES_AGGRESSIVE;
				CLANG_CXX_LANGUAGE_STANDARD = "gnu++17";
				CLANG_CXX_LIBRARY = "libc++";
				CLANG_ENABLE_MODULES = YES;
				CLANG_ENABLE_OBJC_ARC = YES;
				CLANG_ENABLE_OBJC_WEAK = YES;
				CLANG_WARN_BLOCK_CAPTURE_AUTORELEASING = YES;
				CLANG_WARN_BOOL_CONVERSION = YES;
				CLANG_WARN_COMMA = YES;
				CLANG_WARN_CONSTANT_CONVERSION = YES;
				CLANG_WARN_DEPRECATED_OBJC_IMPLEMENTATIONS = YES;
				CLANG_WARN_DIRECT_OBJC_ISA_USAGE = YES_ERROR;
				CLANG_WARN_DOCUMENTATION_COMMENTS = YES;
				CLANG_WARN_EMPTY_BODY = YES;
				CLANG_WARN_ENUM_CONVERSION = YES;
				CLANG_WARN_INFINITE_RECURSION = YES;
				CLANG_WARN_INT_CONVERSION = YES;
				CLANG_WARN_NON_LITERAL_NULL_CONVERSION = YES;
				CLANG_WARN_OBJC_IMPLICIT_RETAIN_SELF = YES;
				CLANG_WARN_OBJC_LITERAL_CONVERSION = YES;
				CLANG_WARN_OBJC_ROOT_CLASS = YES_ERROR;
				CLANG_WARN_QUOTED_INCLUDE_IN_FRAMEWORK_HEADER = YES;
				CLANG_WARN_RANGE_LOOP_ANALYSIS = YES;
				CLANG_WARN_STRICT_PROTOTYPES = YES;
				CLANG_WARN_SUSPICIOUS_MOVE = YES;
				CLANG_WARN_UNGUARDED_AVAILABILITY = YES_AGGRESSIVE;
				CLANG_WARN_UNREACHABLE_CODE = YES;
				CLANG_WARN__DUPLICATE_METHOD_MATCH = YES;
				COPY_PHASE_STRIP = NO;
				DEBUG_INFORMATION_FORMAT = dwarf;
				ENABLE_STRICT_OBJC_MSGSEND = YES;
				ENABLE_TESTABILITY = YES;
				GCC_C_LANGUAGE_STANDARD = gnu11;
				GCC_DYNAMIC_NO_PIC = NO;
				GCC_NO_COMMON_BLOCKS = YES;
				GCC_OPTIMIZATION_LEVEL = 0;
				GCC_PREPROCESSOR_DEFINITIONS = (
					"DEBUG=1",
					"$(inherited)",
				);
				GCC_WARN_64_TO_32_BIT_CONVERSION = YES;
				GCC_WARN_ABOUT_RETURN_TYPE = YES_ERROR;
				GCC_WARN_UNDECLARED_SELECTOR = YES;
				GCC_WARN_UNINITIALIZED_AUTOS = YES_AGGRESSIVE;
				GCC_WARN_UNUSED_FUNCTION = YES;
				GCC_WARN_UNUSED_VARIABLE = YES;
				IPHONEOS_DEPLOYMENT_TARGET = 15.2;
				MTL_ENABLE_DEBUG_INFO = INCLUDE_SOURCE;
				MTL_FAST_MATH = YES;
				ONLY_ACTIVE_ARCH = YES;
				SDKROOT = iphoneos;
				SWIFT_ACTIVE_COMPILATION_CONDITIONS = DEBUG;
				SWIFT_OPTIMIZATION_LEVEL = "-Onone";
			};
			name = Debug;
		};
		335EDFFA2795B01A00E3F6FF /* Release */ = {
			isa = XCBuildConfiguration;
			buildSettings = {
				ALWAYS_SEARCH_USER_PATHS = NO;
				CLANG_ANALYZER_NONNULL = YES;
				CLANG_ANALYZER_NUMBER_OBJECT_CONVERSION = YES_AGGRESSIVE;
				CLANG_CXX_LANGUAGE_STANDARD = "gnu++17";
				CLANG_CXX_LIBRARY = "libc++";
				CLANG_ENABLE_MODULES = YES;
				CLANG_ENABLE_OBJC_ARC = YES;
				CLANG_ENABLE_OBJC_WEAK = YES;
				CLANG_WARN_BLOCK_CAPTURE_AUTORELEASING = YES;
				CLANG_WARN_BOOL_CONVERSION = YES;
				CLANG_WARN_COMMA = YES;
				CLANG_WARN_CONSTANT_CONVERSION = YES;
				CLANG_WARN_DEPRECATED_OBJC_IMPLEMENTATIONS = YES;
				CLANG_WARN_DIRECT_OBJC_ISA_USAGE = YES_ERROR;
				CLANG_WARN_DOCUMENTATION_COMMENTS = YES;
				CLANG_WARN_EMPTY_BODY = YES;
				CLANG_WARN_ENUM_CONVERSION = YES;
				CLANG_WARN_INFINITE_RECURSION = YES;
				CLANG_WARN_INT_CONVERSION = YES;
				CLANG_WARN_NON_LITERAL_NULL_CONVERSION = YES;
				CLANG_WARN_OBJC_IMPLICIT_RETAIN_SELF = YES;
				CLANG_WARN_OBJC_LITERAL_CONVERSION = YES;
				CLANG_WARN_OBJC_ROOT_CLASS = YES_ERROR;
				CLANG_WARN_QUOTED_INCLUDE_IN_FRAMEWORK_HEADER = YES;
				CLANG_WARN_RANGE_LOOP_ANALYSIS = YES;
				CLANG_WARN_STRICT_PROTOTYPES = YES;
				CLANG_WARN_SUSPICIOUS_MOVE = YES;
				CLANG_WARN_UNGUARDED_AVAILABILITY = YES_AGGRESSIVE;
				CLANG_WARN_UNREACHABLE_CODE = YES;
				CLANG_WARN__DUPLICATE_METHOD_MATCH = YES;
				COPY_PHASE_STRIP = NO;
				DEBUG_INFORMATION_FORMAT = "dwarf-with-dsym";
				ENABLE_NS_ASSERTIONS = NO;
				ENABLE_STRICT_OBJC_MSGSEND = YES;
				GCC_C_LANGUAGE_STANDARD = gnu11;
				GCC_NO_COMMON_BLOCKS = YES;
				GCC_WARN_64_TO_32_BIT_CONVERSION = YES;
				GCC_WARN_ABOUT_RETURN_TYPE = YES_ERROR;
				GCC_WARN_UNDECLARED_SELECTOR = YES;
				GCC_WARN_UNINITIALIZED_AUTOS = YES_AGGRESSIVE;
				GCC_WARN_UNUSED_FUNCTION = YES;
				GCC_WARN_UNUSED_VARIABLE = YES;
				IPHONEOS_DEPLOYMENT_TARGET = 15.2;
				MTL_ENABLE_DEBUG_INFO = NO;
				MTL_FAST_MATH = YES;
				SDKROOT = iphoneos;
				SWIFT_COMPILATION_MODE = wholemodule;
				SWIFT_OPTIMIZATION_LEVEL = "-O";
				VALIDATE_PRODUCT = YES;
			};
			name = Release;
		};
		335EDFFC2795B01A00E3F6FF /* Debug */ = {
			isa = XCBuildConfiguration;
			buildSettings = {
				ASSETCATALOG_COMPILER_APPICON_NAME = AppIcon;
				ASSETCATALOG_COMPILER_GLOBAL_ACCENT_COLOR_NAME = AccentColor;
				CODE_SIGN_STYLE = Automatic;
				CURRENT_PROJECT_VERSION = 1;
				DEVELOPMENT_TEAM = 53A2NCY57F;
				GENERATE_INFOPLIST_FILE = YES;
				INFOPLIST_FILE = BountyList/Info.plist;
				INFOPLIST_KEY_UIApplicationSupportsIndirectInputEvents = YES;
				INFOPLIST_KEY_UILaunchStoryboardName = LaunchScreen;
				INFOPLIST_KEY_UIMainStoryboardFile = Main;
				INFOPLIST_KEY_UISupportedInterfaceOrientations_iPad = "UIInterfaceOrientationPortrait UIInterfaceOrientationPortraitUpsideDown UIInterfaceOrientationLandscapeLeft UIInterfaceOrientationLandscapeRight";
				INFOPLIST_KEY_UISupportedInterfaceOrientations_iPhone = "UIInterfaceOrientationPortrait UIInterfaceOrientationLandscapeLeft UIInterfaceOrientationLandscapeRight";
				LD_RUNPATH_SEARCH_PATHS = (
					"$(inherited)",
					"@executable_path/Frameworks",
				);
				MARKETING_VERSION = 1.0;
				PRODUCT_BUNDLE_IDENTIFIER = com.eom.BountyList;
				PRODUCT_NAME = "$(TARGET_NAME)";
				SWIFT_EMIT_LOC_STRINGS = YES;
				SWIFT_VERSION = 5.0;
				TARGETED_DEVICE_FAMILY = "1,2";
			};
			name = Debug;
		};
		335EDFFD2795B01A00E3F6FF /* Release */ = {
			isa = XCBuildConfiguration;
			buildSettings = {
				ASSETCATALOG_COMPILER_APPICON_NAME = AppIcon;
				ASSETCATALOG_COMPILER_GLOBAL_ACCENT_COLOR_NAME = AccentColor;
				CODE_SIGN_STYLE = Automatic;
				CURRENT_PROJECT_VERSION = 1;
				DEVELOPMENT_TEAM = 53A2NCY57F;
				GENERATE_INFOPLIST_FILE = YES;
				INFOPLIST_FILE = BountyList/Info.plist;
				INFOPLIST_KEY_UIApplicationSupportsIndirectInputEvents = YES;
				INFOPLIST_KEY_UILaunchStoryboardName = LaunchScreen;
				INFOPLIST_KEY_UIMainStoryboardFile = Main;
				INFOPLIST_KEY_UISupportedInterfaceOrientations_iPad = "UIInterfaceOrientationPortrait UIInterfaceOrientationPortraitUpsideDown UIInterfaceOrientationLandscapeLeft UIInterfaceOrientationLandscapeRight";
				INFOPLIST_KEY_UISupportedInterfaceOrientations_iPhone = "UIInterfaceOrientationPortrait UIInterfaceOrientationLandscapeLeft UIInterfaceOrientationLandscapeRight";
				LD_RUNPATH_SEARCH_PATHS = (
					"$(inherited)",
					"@executable_path/Frameworks",
				);
				MARKETING_VERSION = 1.0;
				PRODUCT_BUNDLE_IDENTIFIER = com.eom.BountyList;
				PRODUCT_NAME = "$(TARGET_NAME)";
				SWIFT_EMIT_LOC_STRINGS = YES;
				SWIFT_VERSION = 5.0;
				TARGETED_DEVICE_FAMILY = "1,2";
			};
			name = Release;
		};
/* End XCBuildConfiguration section */

/* Begin XCConfigurationList section */
		335EDFE22795B01900E3F6FF /* Build configuration list for PBXProject "BountyList" */ = {
			isa = XCConfigurationList;
			buildConfigurations = (
				335EDFF92795B01A00E3F6FF /* Debug */,
				335EDFFA2795B01A00E3F6FF /* Release */,
			);
			defaultConfigurationIsVisible = 0;
			defaultConfigurationName = Release;
		};
		335EDFFB2795B01A00E3F6FF /* Build configuration list for PBXNativeTarget "BountyList" */ = {
			isa = XCConfigurationList;
			buildConfigurations = (
				335EDFFC2795B01A00E3F6FF /* Debug */,
				335EDFFD2795B01A00E3F6FF /* Release */,
			);
			defaultConfigurationIsVisible = 0;
			defaultConfigurationName = Release;
		};
/* End XCConfigurationList section */
	};
	rootObject = 335EDFDF2795B01900E3F6FF /* Project object */;
}
